
Microsoft Visual Studio Solution File, Format Version 12.00
# Visual Studio 15
VisualStudioVersion = 15.0.28307.572
MinimumVisualStudioVersion = 10.0.40219.1
Project("{FAE04EC0-301F-11D3-BF4B-00C04F79EFBC}") = "KRIP_Vijiner", "KRIP_Vijiner\KRIP_Vijiner.csproj", "{B4085702-EFA7-4AA5-82EC-A24145877906}"
EndProject
Global
	GlobalSection(SolutionConfigurationPlatforms) = preSolution
		Debug|Any CPU = Debug|Any CPU
		Release|Any CPU = Release|Any CPU
	EndGlobalSection
	GlobalSection(ProjectConfigurationPlatforms) = postSolution
		{B4085702-EFA7-4AA5-82EC-A24145877906}.Debug|Any CPU.ActiveCfg = Debug|Any CPU
		{B4085702-EFA7-4AA5-82EC-A24145877906}.Debug|Any CPU.Build.0 = Debug|Any CPU
		{B4085702-EFA7-4AA5-82EC-A24145877906}.Release|Any CPU.ActiveCfg = Release|Any CPU
		{B4085702-EFA7-4AA5-82EC-A24145877906}.Release|Any CPU.Build.0 = Release|Any CPU
	EndGlobalSection
	GlobalSection(SolutionProperties) = preSolution
		HideSolutionNode = FALSE
	EndGlobalSection
	GlobalSection(ExtensibilityGlobals) = postSolution
		SolutionGuid = {4FD493E9-970C-44CD-986A-0D97DEF83949}
	EndGlobalSection
EndGlobal
